<?xml version="1.0" encoding="utf-8"?>
<Project ToolsVersion="4.0" xmlns="http://schemas.microsoft.com/developer/msbuild/2003">
  <ItemGroup>
    <Filter Include="Source Files">
      <UniqueIdentifier>{4FC737F1-C7A5-4376-A066-2A32D752A2FF}</UniqueIdentifier>
      <Extensions>cpp;c;cc;cxx;def;odl;idl;hpj;bat;asm;asmx</Extensions>
    </Filter>
    <Filter Include="Header Files">
      <UniqueIdentifier>{93995380-89BD-4b04-88EB-625FBE52EBFB}</UniqueIdentifier>
      <Extensions>h;hh;hpp;hxx;hm;inl;inc;xsd</Extensions>
    </Filter>
    <Filter Include="Resource Files">
      <UniqueIdentifier>{67DA6AB6-F800-4c08-8B7A-83BB121AAD01}</UniqueIdentifier>
      <Extensions>rc;ico;cur;bmp;dlg;rc2;rct;bin;rgs;gif;jpg;jpeg;jpe;resx;tiff;tif;png;wav;mfcribbon-ms</Extensions>
    </Filter>
  </ItemGroup>
  <ItemGroup>
    <ClCompile Include="main.cpp">
      <Filter>Source Files</Filter>
    </ClCompile>
    <ClCompile Include="test_host.cpp">
      <Filter>Source Files</Filter>
    </ClCompile>
    <ClCompile Include="test_local_network.cpp">
      <Filter>Source Files</Filter>
    </ClCompile>
    <ClCompile Include="test_sysadmin.cpp">
      <Filter>Source Files</Filter>
    </ClCompile>
    <ClCompile Include="test_date_time.cpp">
      <Filter>Source Files</Filter>
    </ClCompile>
    <ClCompile Include="test_schedule.cpp">
      <Filter>Source Files</Filter>
    </ClCompile>
    <ClCompile Include="test_piecewise_constant_interpolator1d.cpp">
      <Filter>Source Files</Filter>
    </ClCompile>
    <ClCompile Include="test_linear_interpolator1d.cpp">
      <Filter>Source Files</Filter>
    </ClCompile>
    <ClCompile Include="test_brownian_motion.cpp">
      <Filter>Source Files</Filter>
    </ClCompile>
    <ClCompile Include="test_interpolator1d_impl.cpp">
      <Filter>Source Files</Filter>
    </ClCompile>
    <ClCompile Include="test_monotonic_linear_interpolator1d.cpp">
      <Filter>Source Files</Filter>
    </ClCompile>
    <ClCompile Include="test_cycle.cpp">
      <Filter>Source Files</Filter>
    </ClCompile>
    <ClCompile Include="mock_rng.cpp">
      <Filter>Source Files</Filter>
    </ClCompile>
    <ClCompile Include="test_poisson_process.cpp">
      <Filter>Source Files</Filter>
    </ClCompile>
    <ClCompile Include="test_indexed_interpolator1d.cpp">
      <Filter>Source Files</Filter>
    </ClCompile>
    <ClCompile Include="test_discrete_random_variable.cpp">
      <Filter>Source Files</Filter>
    </ClCompile>
    <ClCompile Include="test_utils.cpp">
      <Filter>Source Files</Filter>
    </ClCompile>
    <ClCompile Include="test_discrete_markov_process_discrete_time.cpp">
      <Filter>Source Files</Filter>
    </ClCompile>
    <ClCompile Include="test_predetermined_process.cpp">
      <Filter>Source Files</Filter>
    </ClCompile>
    <ClCompile Include="test_semi_predetermined_process.cpp">
      <Filter>Source Files</Filter>
    </ClCompile>
    <ClCompile Include="test_constant_process.cpp">
      <Filter>Source Files</Filter>
    </ClCompile>
    <ClCompile Include="test_conditional_markov_process_impl.cpp">
      <Filter>Source Files</Filter>
    </ClCompile>
    <ClCompile Include="test_jump_markov_process.cpp">
      <Filter>Source Files</Filter>
    </ClCompile>
    <ClCompile Include="test_autoscaled_poisson_process.cpp">
      <Filter>Source Files</Filter>
    </ClCompile>
    <ClCompile Include="test_simple_poisson_process.cpp">
      <Filter>Source Files</Filter>
    </ClCompile>
    <ClCompile Include="test_simple_autoscaled_poisson_process.cpp">
      <Filter>Source Files</Filter>
    </ClCompile>
    <ClCompile Include="test_timestamped_value.cpp">
      <Filter>Source Files</Filter>
    </ClCompile>
    <ClCompile Include="test_public_connection_static_address.cpp">
      <Filter>Source Files</Filter>
    </ClCompile>
    <ClCompile Include="test_managed_object.cpp">
      <Filter>Source Files</Filter>
    </ClCompile>
    <ClCompile Include="test_id.cpp">
      <Filter>Source Files</Filter>
    </ClCompile>
    <ClCompile Include="test_host_factory.cpp">
      <Filter>Source Files</Filter>
    </ClCompile>
    <ClCompile Include="test_ip_address.cpp">
      <Filter>Source Files</Filter>
    </ClCompile>
    <ClCompile Include="test_ip_address_pool.cpp">
      <Filter>Source Files</Filter>
    </ClCompile>
    <ClCompile Include="test_unique_ip_address_pool.cpp">
      <Filter>Source Files</Filter>
    </ClCompile>
    <ClCompile Include="test_public_connection_dynamic_address.cpp">
      <Filter>Source Files</Filter>
    </ClCompile>
    <ClCompile Include="test_mobile_host.cpp">
      <Filter>Source Files</Filter>
    </ClCompile>
    <ClCompile Include="test_fixed_host.cpp">
      <Filter>Source Files</Filter>
    </ClCompile>
    <ClCompile Include="test_const_view.cpp">
      <Filter>Source Files</Filter>
    </ClCompile>
    <ClCompile Include="test_laptop.cpp">
      <Filter>Source Files</Filter>
    </ClCompile>
    <ClCompile Include="test_markov_switcher.cpp">
      <Filter>Source Files</Filter>
    </ClCompile>
    <ClCompile Include="test_email_provider.cpp">
      <Filter>Source Files</Filter>
    </ClCompile>
    <ClCompile Include="test_email_account.cpp">
      <Filter>Source Files</Filter>
    </ClCompile>
    <ClCompile Include="test_cast_markov_process.cpp">
      <Filter>Source Files</Filter>
    </ClCompile>
    <ClCompile Include="test_markov_process_state.cpp">
      <Filter>Source Files</Filter>
    </ClCompile>
    <ClCompile Include="test_pausing_jump_markov_process.cpp">
      <Filter>Source Files</Filter>
    </ClCompile>
    <ClCompile Include="test_user.cpp">
      <Filter>Source Files</Filter>
    </ClCompile>
    <ClCompile Include="test_tracked_value.cpp">
      <Filter>Source Files</Filter>
    </ClCompile>
    <ClCompile Include="test_bot_state.cpp">
      <Filter>Source Files</Filter>
    </ClCompile>
    <ClCompile Include="mock_botnet_config.cpp">
      <Filter>Source Files</Filter>
    </ClCompile>
    <ClCompile Include="test_context.cpp">
      <Filter>Source Files</Filter>
    </ClCompile>
    <ClCompile Include="test_tracked_value_own_time.cpp">
      <Filter>Source Files</Filter>
    </ClCompile>
    <ClCompile Include="test_simulation_controller.cpp">
      <Filter>Source Files</Filter>
    </ClCompile>
    <ClCompile Include="mock_operating_system.cpp">
      <Filter>Source Files</Filter>
    </ClCompile>
    <ClCompile Include="test_action_interval.cpp">
      <Filter>Source Files</Filter>
    </ClCompile>
    <ClCompile Include="test_operating_system_type.cpp">
      <Filter>Source Files</Filter>
    </ClCompile>
    <ClCompile Include="test_botnet_config.cpp">
      <Filter>Source Files</Filter>
    </ClCompile>
    <ClCompile Include="test_simulation_config.cpp">
      <Filter>Source Files</Filter>
    </ClCompile>
    <ClCompile Include="test_sparse_discrete_random_variable.cpp">
      <Filter>Source Files</Filter>
    </ClCompile>
    <ClCompile Include="test_random_variable_json.cpp">
      <Filter>Source Files</Filter>
    </ClCompile>
    <ClCompile Include="test_json.cpp">
      <Filter>Source Files</Filter>
    </ClCompile>
    <ClCompile Include="test_store.cpp">
      <Filter>Source Files</Filter>
    </ClCompile>
    <ClCompile Include="test_activity_state.cpp">
      <Filter>Source Files</Filter>
    </ClCompile>
    <ClCompile Include="test_operating_system.cpp">
      <Filter>Source Files</Filter>
    </ClCompile>
    <ClCompile Include="test_monotonicity.cpp">
      <Filter>Source Files</Filter>
    </ClCompile>
    <ClCompile Include="test_monotonic_piecewise_constant_interpolator1d.cpp">
      <Filter>Source Files</Filter>
    </ClCompile>
    <ClCompile Include="test_sysadmin_config.cpp">
      <Filter>Source Files</Filter>
    </ClCompile>
    <ClCompile Include="test_botnet.cpp">
      <Filter>Source Files</Filter>
    </ClCompile>
    <ClCompile Include="test_antivirus_config.cpp">
      <Filter>Source Files</Filter>
    </ClCompile>
    <ClCompile Include="test_software_vendor_config.cpp">
      <Filter>Source Files</Filter>
    </ClCompile>
    <ClCompile Include="test_host_config.cpp">
      <Filter>Source Files</Filter>
    </ClCompile>
    <ClCompile Include="test_sinkhole.cpp">
      <Filter>Source Files</Filter>
    </ClCompile>
    <ClCompile Include="test_data_storage_format.cpp">
      <Filter>Source Files</Filter>
    </ClCompile>
    <ClCompile Include="test_host_type.cpp">
      <Filter>Source Files</Filter>
    </ClCompile>
    <ClCompile Include="test_botnet_dropper_config.cpp">
      <Filter>Source Files</Filter>
    </ClCompile>
    <ClCompile Include="test_botnet_payload_config.cpp">
      <Filter>Source Files</Filter>
    </ClCompile>
  </ItemGroup>
  <ItemGroup>
    <ClInclude Include="mock_rng.hpp">
      <Filter>Header Files</Filter>
    </ClInclude>
    <ClInclude Include="mock_host.hpp">
      <Filter>Header Files</Filter>
    </ClInclude>
    <ClInclude Include="mock_botnet_config.hpp">
      <Filter>Header Files</Filter>
    </ClInclude>
    <ClInclude Include="mock_operating_system.hpp">
      <Filter>Header Files</Filter>
    </ClInclude>
    <ClInclude Include="test_operating_system.h">
      <Filter>Header Files</Filter>
    </ClInclude>
  </ItemGroup>
  <ItemGroup>
    <None Include="resources\test_simulation_config_from_json.json">
      <Filter>Resource Files</Filter>
    </None>
    <None Include="resources\test_botnet_config_from_json.json">
      <Filter>Resource Files</Filter>
    </None>
  </ItemGroup>
</Project>